Microsoft Visual Studio Solution File, Format Version 12.00
# Visual Studio Version 17
VisualStudioVersion = 17.8.34511.84
MinimumVisualStudioVersion = 10.0.40219.1
Project("{9A19103F-16F7-4668-BE54-9A1E7A4F7556}") = "GoodWorkersMVP.Android", "GoodWorkersMVP\GoodWorkersMVP.Android\GoodWorkersMVP.Android.csproj", "{CD70F98F-2356-47C1-BAA4-2D17CEF1807D}"
EndProject
Project("{9A19103F-16F7-4668-BE54-9A1E7A4F7556}") = "GoodWorkersMVP.iOS", "GoodWorkersMVP\GoodWorkersMVP.iOS\GoodWorkersMVP.iOS.csproj", "{2B949A4B-5859-4777-A004-CCA3191E1091}"
EndProject
Project("{9A19103F-16F7-4668-BE54-9A1E7A4F7556}") = "GoodWorkersMVP", "GoodWorkersMVP\GoodWorkersMVP\GoodWorkersMVP.csproj", "{18864ECA-F85D-4C01-980D-00928EF908AB}"
EndProject
Global
	GlobalSection(SolutionConfigurationPlatforms) = preSolution
		Ad-Hoc|Any CPU = Ad-Hoc|Any CPU
		Ad-Hoc|iPhone = Ad-Hoc|iPhone
		Ad-Hoc|iPhoneSimulator = Ad-Hoc|iPhoneSimulator
		AppStore|Any CPU = AppStore|Any CPU
		AppStore|iPhone = AppStore|iPhone
		AppStore|iPhoneSimulator = AppStore|iPhoneSimulator
		Debug|Any CPU = Debug|Any CPU
		Debug|iPhone = Debug|iPhone
		Debug|iPhoneSimulator = Debug|iPhoneSimulator
		Release|Any CPU = Release|Any CPU
		Release|iPhone = Release|iPhone
		Release|iPhoneSimulator = Release|iPhoneSimulator
	EndGlobalSection
	GlobalSection(ProjectConfigurationPlatforms) = postSolution
		{CD70F98F-2356-47C1-BAA4-2D17CEF1807D}.Ad-Hoc|Any CPU.ActiveCfg = Release|Any CPU
		{CD70F98F-2356-47C1-BAA4-2D17CEF1807D}.Ad-Hoc|Any CPU.Build.0 = Release|Any CPU
		{CD70F98F-2356-47C1-BAA4-2D17CEF1807D}.Ad-Hoc|Any CPU.Deploy.0 = Release|Any CPU
		{CD70F98F-2356-47C1-BAA4-2D17CEF1807D}.Ad-Hoc|iPhone.ActiveCfg = Release|Any CPU
		{CD70F98F-2356-47C1-BAA4-2D17CEF1807D}.Ad-Hoc|iPhone.Build.0 = Release|Any CPU
		{CD70F98F-2356-47C1-BAA4-2D17CEF1807D}.Ad-Hoc|iPhone.Deploy.0 = Release|Any CPU
		{CD70F98F-2356-47C1-BAA4-2D17CEF1807D}.Ad-Hoc|iPhoneSimulator.ActiveCfg = Release|Any CPU
		{CD70F98F-2356-47C1-BAA4-2D17CEF1807D}.Ad-Hoc|iPhoneSimulator.Build.0 = Release|Any CPU
		{CD70F98F-2356-47C1-BAA4-2D17CEF1807D}.Ad-Hoc|iPhoneSimulator.Deploy.0 = Release|Any CPU
		{CD70F98F-2356-47C1-BAA4-2D17CEF1807D}.AppStore|Any CPU.ActiveCfg = Release|Any CPU
		{CD70F98F-2356-47C1-BAA4-2D17CEF1807D}.AppStore|Any CPU.Build.0 = Release|Any CPU
		{CD70F98F-2356-47C1-BAA4-2D17CEF1807D}.AppStore|Any CPU.Deploy.0 = Release|Any CPU
		{CD70F98F-2356-47C1-BAA4-2D17CEF1807D}.AppStore|iPhone.ActiveCfg = Release|Any CPU
		{CD70F98F-2356-47C1-BAA4-2D17CEF1807D}.AppStore|iPhone.Build.0 = Release|Any CPU
		{CD70F98F-2356-47C1-BAA4-2D17CEF1807D}.AppStore|iPhone.Deploy.0 = Release|Any CPU
		{CD70F98F-2356-47C1-BAA4-2D17CEF1807D}.AppStore|iPhoneSimulator.ActiveCfg = Release|Any CPU
		{CD70F98F-2356-47C1-BAA4-2D17CEF1807D}.AppStore|iPhoneSimulator.Build.0 = Release|Any CPU
		{CD70F98F-2356-47C1-BAA4-2D17CEF1807D}.AppStore|iPhoneSimulator.Deploy.0 = Release|Any CPU
		{CD70F98F-2356-47C1-BAA4-2D17CEF1807D}.Debug|Any CPU.ActiveCfg = Debug|Any CPU
		{CD70F98F-2356-47C1-BAA4-2D17CEF1807D}.Debug|Any CPU.Build.0 = Debug|Any CPU
		{CD70F98F-2356-47C1-BAA4-2D17CEF1807D}.Debug|Any CPU.Deploy.0 = Debug|Any CPU
		{CD70F98F-2356-47C1-BAA4-2D17CEF1807D}.Debug|iPhone.ActiveCfg = Debug|Any CPU
		{CD70F98F-2356-47C1-BAA4-2D17CEF1807D}.Debug|iPhone.Build.0 = Debug|Any CPU
		{CD70F98F-2356-47C1-BAA4-2D17CEF1807D}.Debug|iPhone.Deploy.0 = Debug|Any CPU
		{CD70F98F-2356-47C1-BAA4-2D17CEF1807D}.Debug|iPhoneSimulator.ActiveCfg = Debug|Any CPU
		{CD70F98F-2356-47C1-BAA4-2D17CEF1807D}.Debug|iPhoneSimulator.Build.0 = Debug|Any CPU
		{CD70F98F-2356-47C1-BAA4-2D17CEF1807D}.Debug|iPhoneSimulator.Deploy.0 = Debug|Any CPU
		{CD70F98F-2356-47C1-BAA4-2D17CEF1807D}.Release|Any CPU.ActiveCfg = Release|Any CPU
		{CD70F98F-2356-47C1-BAA4-2D17CEF1807D}.Release|Any CPU.Build.0 = Release|Any CPU
		{CD70F98F-2356-47C1-BAA4-2D17CEF1807D}.Release|Any CPU.Deploy.0 = Release|Any CPU
		{CD70F98F-2356-47C1-BAA4-2D17CEF1807D}.Release|iPhone.ActiveCfg = Release|Any CPU
		{CD70F98F-2356-47C1-BAA4-2D17CEF1807D}.Release|iPhone.Build.0 = Release|Any CPU
		{CD70F98F-2356-47C1-BAA4-2D17CEF1807D}.Release|iPhone.Deploy.0 = Release|Any CPU
		{CD70F98F-2356-47C1-BAA4-2D17CEF1807D}.Release|iPhoneSimulator.ActiveCfg = Release|Any CPU
		{CD70F98F-2356-47C1-BAA4-2D17CEF1807D}.Release|iPhoneSimulator.Build.0 = Release|Any CPU
		{CD70F98F-2356-47C1-BAA4-2D17CEF1807D}.Release|iPhoneSimulator.Deploy.0 = Release|Any CPU
		{2B949A4B-5859-4777-A004-CCA3191E1091}.Ad-Hoc|Any CPU.ActiveCfg = Ad-Hoc|iPhone
		{2B949A4B-5859-4777-A004-CCA3191E1091}.Ad-Hoc|Any CPU.Build.0 = Ad-Hoc|iPhone
		{2B949A4B-5859-4777-A004-CCA3191E1091}.Ad-Hoc|Any CPU.Deploy.0 = Ad-Hoc|iPhone
		{2B949A4B-5859-4777-A004-CCA3191E1091}.Ad-Hoc|iPhone.ActiveCfg = Ad-Hoc|iPhone
		{2B949A4B-5859-4777-A004-CCA3191E1091}.Ad-Hoc|iPhone.Build.0 = Ad-Hoc|iPhone
		{2B949A4B-5859-4777-A004-CCA3191E1091}.Ad-Hoc|iPhone.Deploy.0 = Ad-Hoc|iPhone
		{2B949A4B-5859-4777-A004-CCA3191E1091}.Ad-Hoc|iPhoneSimulator.ActiveCfg = Ad-Hoc|iPhoneSimulator
		{2B949A4B-5859-4777-A004-CCA3191E1091}.Ad-Hoc|iPhoneSimulator.Build.0 = Ad-Hoc|iPhoneSimulator
		{2B949A4B-5859-4777-A004-CCA3191E1091}.Ad-Hoc|iPhoneSimulator.Deploy.0 = Ad-Hoc|iPhoneSimulator
		{2B949A4B-5859-4777-A004-CCA3191E1091}.AppStore|Any CPU.ActiveCfg = AppStore|iPhone
		{2B949A4B-5859-4777-A004-CCA3191E1091}.AppStore|Any CPU.Build.0 = AppStore|iPhone
		{2B949A4B-5859-4777-A004-CCA3191E1091}.AppStore|Any CPU.Deploy.0 = AppStore|iPhone
		{2B949A4B-5859-4777-A004-CCA3191E1091}.AppStore|iPhone.ActiveCfg = AppStore|iPhone
		{2B949A4B-5859-4777-A004-CCA3191E1091}.AppStore|iPhone.Build.0 = AppStore|iPhone
		{2B949A4B-5859-4777-A004-CCA3191E1091}.AppStore|iPhone.Deploy.0 = AppStore|iPhone
		{2B949A4B-5859-4777-A004-CCA3191E1091}.AppStore|iPhoneSimulator.ActiveCfg = AppStore|iPhoneSimulator
		{2B949A4B-5859-4777-A004-CCA3191E1091}.AppStore|iPhoneSimulator.Build.0 = AppStore|iPhoneSimulator
		{2B949A4B-5859-4777-A004-CCA3191E1091}.AppStore|iPhoneSimulator.Deploy.0 = AppStore|iPhoneSimulator
		{2B949A4B-5859-4777-A004-CCA3191E1091}.Debug|Any CPU.ActiveCfg = Debug|iPhoneSimulator
		{2B949A4B-5859-4777-A004-CCA3191E1091}.Debug|Any CPU.Deploy.0 = Debug|iPhoneSimulator
		{2B949A4B-5859-4777-A004-CCA3191E1091}.Debug|iPhone.ActiveCfg = Debug|iPhone
		{2B949A4B-5859-4777-A004-CCA3191E1091}.Debug|iPhone.Build.0 = Debug|iPhone
		{2B949A4B-5859-4777-A004-CCA3191E1091}.Debug|iPhone.Deploy.0 = Debug|iPhone
		{2B949A4B-5859-4777-A004-CCA3191E1091}.Debug|iPhoneSimulator.ActiveCfg = Debug|iPhoneSimulator
		{2B949A4B-5859-4777-A004-CCA3191E1091}.Debug|iPhoneSimulator.Build.0 = Debug|iPhoneSimulator
		{2B949A4B-5859-4777-A004-CCA3191E1091}.Debug|iPhoneSimulator.Deploy.0 = Debug|iPhoneSimulator
		{2B949A4B-5859-4777-A004-CCA3191E1091}.Release|Any CPU.ActiveCfg = Release|iPhone
		{2B949A4B-5859-4777-A004-CCA3191E1091}.Release|Any CPU.Build.0 = Release|iPhone
		{2B949A4B-5859-4777-A004-CCA3191E1091}.Release|Any CPU.Deploy.0 = Release|iPhone
		{2B949A4B-5859-4777-A004-CCA3191E1091}.Release|iPhone.ActiveCfg = Release|iPhone
		{2B949A4B-5859-4777-A004-CCA3191E1091}.Release|iPhone.Build.0 = Release|iPhone
		{2B949A4B-5859-4777-A004-CCA3191E1091}.Release|iPhone.Deploy.0 = Release|iPhone
		{2B949A4B-5859-4777-A004-CCA3191E1091}.Release|iPhoneSimulator.ActiveCfg = Release|iPhoneSimulator
		{2B949A4B-5859-4777-A004-CCA3191E1091}.Release|iPhoneSimulator.Build.0 = Release|iPhoneSimulator
		{2B949A4B-5859-4777-A004-CCA3191E1091}.Release|iPhoneSimulator.Deploy.0 = Release|iPhoneSimulator
		{18864ECA-F85D-4C01-980D-00928EF908AB}.Ad-Hoc|Any CPU.ActiveCfg = Debug|Any CPU
		{18864ECA-F85D-4C01-980D-00928EF908AB}.Ad-Hoc|Any CPU.Build.0 = Debug|Any CPU
		{18864ECA-F85D-4C01-980D-00928EF908AB}.Ad-Hoc|Any CPU.Deploy.0 = Debug|Any CPU
		{18864ECA-F85D-4C01-980D-00928EF908AB}.Ad-Hoc|iPhone.ActiveCfg = Debug|Any CPU
		{18864ECA-F85D-4C01-980D-00928EF908AB}.Ad-Hoc|iPhone.Build.0 = Debug|Any CPU
		{18864ECA-F85D-4C01-980D-00928EF908AB}.Ad-Hoc|iPhone.Deploy.0 = Debug|Any CPU
		{18864ECA-F85D-4C01-980D-00928EF908AB}.Ad-Hoc|iPhoneSimulator.ActiveCfg = Debug|Any CPU
		{18864ECA-F85D-4C01-980D-00928EF908AB}.Ad-Hoc|iPhoneSimulator.Build.0 = Debug|Any CPU
		{18864ECA-F85D-4C01-980D-00928EF908AB}.Ad-Hoc|iPhoneSimulator.Deploy.0 = Debug|Any CPU
		{18864ECA-F85D-4C01-980D-00928EF908AB}.AppStore|Any CPU.ActiveCfg = Debug|Any CPU
		{18864ECA-F85D-4C01-980D-00928EF908AB}.AppStore|Any CPU.Build.0 = Debug|Any CPU
		{18864ECA-F85D-4C01-980D-00928EF908AB}.AppStore|Any CPU.Deploy.0 = Debug|Any CPU
		{18864ECA-F85D-4C01-980D-00928EF908AB}.AppStore|iPhone.ActiveCfg = Debug|Any CPU
		{18864ECA-F85D-4C01-980D-00928EF908AB}.AppStore|iPhone.Build.0 = Debug|Any CPU
		{18864ECA-F85D-4C01-980D-00928EF908AB}.AppStore|iPhone.Deploy.0 = Debug|Any CPU
		{18864ECA-F85D-4C01-980D-00928EF908AB}.AppStore|iPhoneSimulator.ActiveCfg = Debug|Any CPU
		{18864ECA-F85D-4C01-980D-00928EF908AB}.AppStore|iPhoneSimulator.Build.0 = Debug|Any CPU
		{18864ECA-F85D-4C01-980D-00928EF908AB}.AppStore|iPhoneSimulator.Deploy.0 = Debug|Any CPU
		{18864ECA-F85D-4C01-980D-00928EF908AB}.Debug|Any CPU.ActiveCfg = Debug|Any CPU
		{18864ECA-F85D-4C01-980D-00928EF908AB}.Debug|Any CPU.Build.0 = Debug|Any CPU
		{18864ECA-F85D-4C01-980D-00928EF908AB}.Debug|Any CPU.Deploy.0 = Debug|Any CPU
		{18864ECA-F85D-4C01-980D-00928EF908AB}.Debug|iPhone.ActiveCfg = Debug|Any CPU
		{18864ECA-F85D-4C01-980D-00928EF908AB}.Debug|iPhone.Build.0 = Debug|Any CPU
		{18864ECA-F85D-4C01-980D-00928EF908AB}.Debug|iPhone.Deploy.0 = Debug|Any CPU
		{18864ECA-F85D-4C01-980D-00928EF908AB}.Debug|iPhoneSimulator.ActiveCfg = Debug|Any CPU
		{18864ECA-F85D-4C01-980D-00928EF908AB}.Debug|iPhoneSimulator.Build.0 = Debug|Any CPU
		{18864ECA-F85D-4C01-980D-00928EF908AB}.Debug|iPhoneSimulator.Deploy.0 = Debug|Any CPU
		{18864ECA-F85D-4C01-980D-00928EF908AB}.Release|Any CPU.ActiveCfg = Release|Any CPU
		{18864ECA-F85D-4C01-980D-00928EF908AB}.Release|Any CPU.Build.0 = Release|Any CPU
		{18864ECA-F85D-4C01-980D-00928EF908AB}.Release|Any CPU.Deploy.0 = Release|Any CPU
		{18864ECA-F85D-4C01-980D-00928EF908AB}.Release|iPhone.ActiveCfg = Release|Any CPU
		{18864ECA-F85D-4C01-980D-00928EF908AB}.Release|iPhone.Build.0 = Release|Any CPU
		{18864ECA-F85D-4C01-980D-00928EF908AB}.Release|iPhone.Deploy.0 = Release|Any CPU
		{18864ECA-F85D-4C01-980D-00928EF908AB}.Release|iPhoneSimulator.ActiveCfg = Release|Any CPU
		{18864ECA-F85D-4C01-980D-00928EF908AB}.Release|iPhoneSimulator.Build.0 = Release|Any CPU
		{18864ECA-F85D-4C01-980D-00928EF908AB}.Release|iPhoneSimulator.Deploy.0 = Release|Any CPU
	EndGlobalSection
	GlobalSection(SolutionProperties) = preSolution
		HideSolutionNode = FALSE
	EndGlobalSection
	GlobalSection(ExtensibilityGlobals) = postSolution
		SolutionGuid = {DC8D4F64-E71E-4424-906E-732EDBF4265F}
	EndGlobalSection
EndGlobal
